// !$*UTF8*$!
{
	archiveVersion = 1;
	classes = {
	};
	objectVersion = 56;
	objects = {

/* Begin PBXBuildFile section */
		440F66012BD3BC2E002B2258 /* AppDelegate.swift in Sources */ = {isa = PBXBuildFile; fileRef = 440F66002BD3BC2E002B2258 /* AppDelegate.swift */; };
		440F66032BD3BC2E002B2258 /* SceneDelegate.swift in Sources */ = {isa = PBXBuildFile; fileRef = 440F66022BD3BC2E002B2258 /* SceneDelegate.swift */; };
		440F66052BD3BC2E002B2258 /* ViewController.swift in Sources */ = {isa = PBXBuildFile; fileRef = 440F66042BD3BC2E002B2258 /* ViewController.swift */; };
		440F66082BD3BC2E002B2258 /* Base in Resources */ = {isa = PBXBuildFile; fileRef = 440F66072BD3BC2E002B2258 /* Base */; };
		440F660A2BD3BC2F002B2258 /* Assets.xcassets in Resources */ = {isa = PBXBuildFile; fileRef = 440F66092BD3BC2F002B2258 /* Assets.xcassets */; };
		440F660D2BD3BC2F002B2258 /* Base in Resources */ = {isa = PBXBuildFile; fileRef = 440F660C2BD3BC2F002B2258 /* Base */; };
		440F66162BD3C56F002B2258 /* OmerViewController.swift in Sources */ = {isa = PBXBuildFile; fileRef = 440F66152BD3C56F002B2258 /* OmerViewController.swift */; };
		BF71DBE32BD3C8D400029222 /* IsmailViewController.swift in Sources */ = {isa = PBXBuildFile; fileRef = BF71DBE22BD3C8D400029222 /* IsmailViewController.swift */; };
/* End PBXBuildFile section */

/* Begin PBXFileReference section */
		440F65FD2BD3BC2E002B2258 /* YZL8404-Project.app */ = {isa = PBXFileReference; explicitFileType = wrapper.application; includeInIndex = 0; path = "YZL8404-Project.app"; sourceTree = BUILT_PRODUCTS_DIR; };
		440F66002BD3BC2E002B2258 /* AppDelegate.swift */ = {isa = PBXFileReference; lastKnownFileType = sourcecode.swift; path = AppDelegate.swift; sourceTree = "<group>"; };
		440F66022BD3BC2E002B2258 /* SceneDelegate.swift */ = {isa = PBXFileReference; lastKnownFileType = sourcecode.swift; path = SceneDelegate.swift; sourceTree = "<group>"; };
		440F66042BD3BC2E002B2258 /* ViewController.swift */ = {isa = PBXFileReference; lastKnownFileType = sourcecode.swift; path = ViewController.swift; sourceTree = "<group>"; };
		440F66072BD3BC2E002B2258 /* Base */ = {isa = PBXFileReference; lastKnownFileType = file.storyboard; name = Base; path = Base.lproj/Main.storyboard; sourceTree = "<group>"; };
		440F66092BD3BC2F002B2258 /* Assets.xcassets */ = {isa = PBXFileReference; lastKnownFileType = folder.assetcatalog; path = Assets.xcassets; sourceTree = "<group>"; };
		440F660C2BD3BC2F002B2258 /* Base */ = {isa = PBXFileReference; lastKnownFileType = file.storyboard; name = Base; path = Base.lproj/LaunchScreen.storyboard; sourceTree = "<group>"; };
		440F660E2BD3BC2F002B2258 /* Info.plist */ = {isa = PBXFileReference; lastKnownFileType = text.plist.xml; path = Info.plist; sourceTree = "<group>"; };
		440F66152BD3C56F002B2258 /* OmerViewController.swift */ = {isa = PBXFileReference; lastKnownFileType = sourcecode.swift; path = OmerViewController.swift; sourceTree = "<group>"; };
		BF71DBE22BD3C8D400029222 /* IsmailViewController.swift */ = {isa = PBXFileReference; lastKnownFileType = sourcecode.swift; path = IsmailViewController.swift; sourceTree = "<group>"; };
/* End PBXFileReference section */

/* Begin PBXFrameworksBuildPhase section */
		440F65FA2BD3BC2E002B2258 /* Frameworks */ = {
			isa = PBXFrameworksBuildPhase;
			buildActionMask = 2147483647;
			files = (
			);
			runOnlyForDeploymentPostprocessing = 0;
		};
/* End PBXFrameworksBuildPhase section */

/* Begin PBXGroup section */
		440F65F42BD3BC2E002B2258 = {
			isa = PBXGroup;
			children = (
				440F65FF2BD3BC2E002B2258 /* YZL8404-Project */,
				440F65FE2BD3BC2E002B2258 /* Products */,
			);
			sourceTree = "<group>";
		};
		440F65FE2BD3BC2E002B2258 /* Products */ = {
			isa = PBXGroup;
			children = (
				440F65FD2BD3BC2E002B2258 /* YZL8404-Project.app */,
			);
			name = Products;
			sourceTree = "<group>";
		};
		440F65FF2BD3BC2E002B2258 /* YZL8404-Project */ = {
			isa = PBXGroup;
			children = (
				BF71DBE12BD3C74100029222 /* Ismail */,
				440F66142BD3C554002B2258 /* Omer */,
				440F66002BD3BC2E002B2258 /* AppDelegate.swift */,
				440F66022BD3BC2E002B2258 /* SceneDelegate.swift */,
				440F66042BD3BC2E002B2258 /* ViewController.swift */,
				440F66062BD3BC2E002B2258 /* Main.storyboard */,
				440F66092BD3BC2F002B2258 /* Assets.xcassets */,
				440F660B2BD3BC2F002B2258 /* LaunchScreen.storyboard */,
				440F660E2BD3BC2F002B2258 /* Info.plist */,
			);
			path = "YZL8404-Project";
			sourceTree = "<group>";
		};
		440F66142BD3C554002B2258 /* Omer */ = {
			isa = PBXGroup;
			children = (
				440F66152BD3C56F002B2258 /* OmerViewController.swift */,
			);
			path = Omer;
			sourceTree = "<group>";
		};
		BF71DBE12BD3C74100029222 /* Ismail */ = {
			isa = PBXGroup;
			children = (
				BF71DBE22BD3C8D400029222 /* IsmailViewController.swift */,
			);
			path = Ismail;
			sourceTree = "<group>";
		};
/* End PBXGroup section */

/* Begin PBXNativeTarget section */
		440F65FC2BD3BC2E002B2258 /* YZL8404-Project */ = {
			isa = PBXNativeTarget;
			buildConfigurationList = 440F66112BD3BC2F002B2258 /* Build configuration list for PBXNativeTarget "YZL8404-Project" */;
			buildPhases = (
				440F65F92BD3BC2E002B2258 /* Sources */,
				440F65FA2BD3BC2E002B2258 /* Frameworks */,
				440F65FB2BD3BC2E002B2258 /* Resources */,
			);
			buildRules = (
			);
			dependencies = (
			);
			name = "YZL8404-Project";
			productName = "YZL8404-Project";
			productReference = 440F65FD2BD3BC2E002B2258 /* YZL8404-Project.app */;
			productType = "com.apple.product-type.application";
		};
/* End PBXNativeTarget section */

/* Begin PBXProject section */
		440F65F52BD3BC2E002B2258 /* Project object */ = {
			isa = PBXProject;
			attributes = {
				BuildIndependentTargetsInParallel = 1;
				LastSwiftUpdateCheck = 1530;
				LastUpgradeCheck = 1530;
				TargetAttributes = {
					440F65FC2BD3BC2E002B2258 = {
						CreatedOnToolsVersion = 15.3;
					};
				};
			};
			buildConfigurationList = 440F65F82BD3BC2E002B2258 /* Build configuration list for PBXProject "YZL8404-Project" */;
			compatibilityVersion = "Xcode 14.0";
			developmentRegion = en;
			hasScannedForEncodings = 0;
			knownRegions = (
				en,
				Base,
			);
			mainGroup = 440F65F42BD3BC2E002B2258;
			productRefGroup = 440F65FE2BD3BC2E002B2258 /* Products */;
			projectDirPath = "";
			projectRoot = "";
			targets = (
				440F65FC2BD3BC2E002B2258 /* YZL8404-Project */,
			);
		};
/* End PBXProject section */

/* Begin PBXResourcesBuildPhase section */
		440F65FB2BD3BC2E002B2258 /* Resources */ = {
			isa = PBXResourcesBuildPhase;
			buildActionMask = 2147483647;
			files = (
				440F660A2BD3BC2F002B2258 /* Assets.xcassets in Resources */,
				440F660D2BD3BC2F002B2258 /* Base in Resources */,
				440F66082BD3BC2E002B2258 /* Base in Resources */,
			);
			runOnlyForDeploymentPostprocessing = 0;
		};
/* End PBXResourcesBuildPhase section */

/* Begin PBXSourcesBuildPhase section */
		440F65F92BD3BC2E002B2258 /* Sources */ = {
			isa = PBXSourcesBuildPhase;
			buildActionMask = 2147483647;
			files = (
				440F66052BD3BC2E002B2258 /* ViewController.swift in Sources */,
				440F66162BD3C56F002B2258 /* OmerViewController.swift in Sources */,
				BF71DBE32BD3C8D400029222 /* IsmailViewController.swift in Sources */,
				440F66012BD3BC2E002B2258 /* AppDelegate.swift in Sources */,
				440F66032BD3BC2E002B2258 /* SceneDelegate.swift in Sources */,
			);
			runOnlyForDeploymentPostprocessing = 0;
		};
/* End PBXSourcesBuildPhase section */

/* Begin PBXVariantGroup section */
		440F66062BD3BC2E002B2258 /* Main.storyboard */ = {
			isa = PBXVariantGroup;
			children = (
				440F66072BD3BC2E002B2258 /* Base */,
			);
			name = Main.storyboard;
			sourceTree = "<group>";
		};
		440F660B2BD3BC2F002B2258 /* LaunchScreen.storyboard */ = {
			isa = PBXVariantGroup;
			children = (
				440F660C2BD3BC2F002B2258 /* Base */,
			);
			name = LaunchScreen.storyboard;
			sourceTree = "<group>";
		};
/* End PBXVariantGroup section */

/* Begin XCBuildConfiguration section */
		440F660F2BD3BC2F002B2258 /* Debug */ = {
			isa = XCBuildConfiguration;
			buildSettings = {
				ALWAYS_SEARCH_USER_PATHS = NO;
				ASSETCATALOG_COMPILER_GENERATE_SWIFT_ASSET_SYMBOL_EXTENSIONS = YES;
				CLANG_ANALYZER_NONNULL = YES;
				CLANG_ANALYZER_NUMBER_OBJECT_CONVERSION = YES_AGGRESSIVE;
				CLANG_CXX_LANGUAGE_STANDARD = "gnu++20";
				CLANG_ENABLE_MODULES = YES;
				CLANG_ENABLE_OBJC_ARC = YES;
				CLANG_ENABLE_OBJC_WEAK = YES;
				CLANG_WARN_BLOCK_CAPTURE_AUTORELEASING = YES;
				CLANG_WARN_BOOL_CONVERSION = YES;
				CLANG_WARN_COMMA = YES;
				CLANG_WARN_CONSTANT_CONVERSION = YES;
				CLANG_WARN_DEPRECATED_OBJC_IMPLEMENTATIONS = YES;
				CLANG_WARN_DIRECT_OBJC_ISA_USAGE = YES_ERROR;
				CLANG_WARN_DOCUMENTATION_COMMENTS = YES;
				CLANG_WARN_EMPTY_BODY = YES;
				CLANG_WARN_ENUM_CONVERSION = YES;
				CLANG_WARN_INFINITE_RECURSION = YES;
				CLANG_WARN_INT_CONVERSION = YES;
				CLANG_WARN_NON_LITERAL_NULL_CONVERSION = YES;
				CLANG_WARN_OBJC_IMPLICIT_RETAIN_SELF = YES;
				CLANG_WARN_OBJC_LITERAL_CONVERSION = YES;
				CLANG_WARN_OBJC_ROOT_CLASS = YES_ERROR;
				CLANG_WARN_QUOTED_INCLUDE_IN_FRAMEWORK_HEADER = YES;
				CLANG_WARN_RANGE_LOOP_ANALYSIS = YES;
				CLANG_WARN_STRICT_PROTOTYPES = YES;
				CLANG_WARN_SUSPICIOUS_MOVE = YES;
				CLANG_WARN_UNGUARDED_AVAILABILITY = YES_AGGRESSIVE;
				CLANG_WARN_UNREACHABLE_CODE = YES;
				CLANG_WARN__DUPLICATE_METHOD_MATCH = YES;
				COPY_PHASE_STRIP = NO;
				DEBUG_INFORMATION_FORMAT = dwarf;
				ENABLE_STRICT_OBJC_MSGSEND = YES;
				ENABLE_TESTABILITY = YES;
				ENABLE_USER_SCRIPT_SANDBOXING = YES;
				GCC_C_LANGUAGE_STANDARD = gnu17;
				GCC_DYNAMIC_NO_PIC = NO;
				GCC_NO_COMMON_BLOCKS = YES;
				GCC_OPTIMIZATION_LEVEL = 0;
				GCC_PREPROCESSOR_DEFINITIONS = (
					"DEBUG=1",
					"$(inherited)",
				);
				GCC_WARN_64_TO_32_BIT_CONVERSION = YES;
				GCC_WARN_ABOUT_RETURN_TYPE = YES_ERROR;
				GCC_WARN_UNDECLARED_SELECTOR = YES;
				GCC_WARN_UNINITIALIZED_AUTOS = YES_AGGRESSIVE;
				GCC_WARN_UNUSED_FUNCTION = YES;
				GCC_WARN_UNUSED_VARIABLE = YES;
				IPHONEOS_DEPLOYMENT_TARGET = 17.4;
				LOCALIZATION_PREFERS_STRING_CATALOGS = YES;
				MTL_ENABLE_DEBUG_INFO = INCLUDE_SOURCE;
				MTL_FAST_MATH = YES;
				ONLY_ACTIVE_ARCH = YES;
				SDKROOT = iphoneos;
				SWIFT_ACTIVE_COMPILATION_CONDITIONS = "DEBUG $(inherited)";
				SWIFT_OPTIMIZATION_LEVEL = "-Onone";
			};
			name = Debug;
		};
		440F66102BD3BC2F002B2258 /* Release */ = {
			isa = XCBuildConfiguration;
			buildSettings = {
				ALWAYS_SEARCH_USER_PATHS = NO;
				ASSETCATALOG_COMPILER_GENERATE_SWIFT_ASSET_SYMBOL_EXTENSIONS = YES;
				CLANG_ANALYZER_NONNULL = YES;
				CLANG_ANALYZER_NUMBER_OBJECT_CONVERSION = YES_AGGRESSIVE;
				CLANG_CXX_LANGUAGE_STANDARD = "gnu++20";
				CLANG_ENABLE_MODULES = YES;
				CLANG_ENABLE_OBJC_ARC = YES;
				CLANG_ENABLE_OBJC_WEAK = YES;
				CLANG_WARN_BLOCK_CAPTURE_AUTORELEASING = YES;
				CLANG_WARN_BOOL_CONVERSION = YES;
				CLANG_WARN_COMMA = YES;
				CLANG_WARN_CONSTANT_CONVERSION = YES;
				CLANG_WARN_DEPRECATED_OBJC_IMPLEMENTATIONS = YES;
				CLANG_WARN_DIRECT_OBJC_ISA_USAGE = YES_ERROR;
				CLANG_WARN_DOCUMENTATION_COMMENTS = YES;
				CLANG_WARN_EMPTY_BODY = YES;
				CLANG_WARN_ENUM_CONVERSION = YES;
				CLANG_WARN_INFINITE_RECURSION = YES;
				CLANG_WARN_INT_CONVERSION = YES;
				CLANG_WARN_NON_LITERAL_NULL_CONVERSION = YES;
				CLANG_WARN_OBJC_IMPLICIT_RETAIN_SELF = YES;
				CLANG_WARN_OBJC_LITERAL_CONVERSION = YES;
				CLANG_WARN_OBJC_ROOT_CLASS = YES_ERROR;
				CLANG_WARN_QUOTED_INCLUDE_IN_FRAMEWORK_HEADER = YES;
				CLANG_WARN_RANGE_LOOP_ANALYSIS = YES;
				CLANG_WARN_STRICT_PROTOTYPES = YES;
				CLANG_WARN_SUSPICIOUS_MOVE = YES;
				CLANG_WARN_UNGUARDED_AVAILABILITY = YES_AGGRESSIVE;
				CLANG_WARN_UNREACHABLE_CODE = YES;
				CLANG_WARN__DUPLICATE_METHOD_MATCH = YES;
				COPY_PHASE_STRIP = NO;
				DEBUG_INFORMATION_FORMAT = "dwarf-with-dsym";
				ENABLE_NS_ASSERTIONS = NO;
				ENABLE_STRICT_OBJC_MSGSEND = YES;
				ENABLE_USER_SCRIPT_SANDBOXING = YES;
				GCC_C_LANGUAGE_STANDARD = gnu17;
				GCC_NO_COMMON_BLOCKS = YES;
				GCC_WARN_64_TO_32_BIT_CONVERSION = YES;
				GCC_WARN_ABOUT_RETURN_TYPE = YES_ERROR;
				GCC_WARN_UNDECLARED_SELECTOR = YES;
				GCC_WARN_UNINITIALIZED_AUTOS = YES_AGGRESSIVE;
				GCC_WARN_UNUSED_FUNCTION = YES;
				GCC_WARN_UNUSED_VARIABLE = YES;
				IPHONEOS_DEPLOYMENT_TARGET = 17.4;
				LOCALIZATION_PREFERS_STRING_CATALOGS = YES;
				MTL_ENABLE_DEBUG_INFO = NO;
				MTL_FAST_MATH = YES;
				SDKROOT = iphoneos;
				SWIFT_COMPILATION_MODE = wholemodule;
				VALIDATE_PRODUCT = YES;
			};
			name = Release;
		};
		440F66122BD3BC2F002B2258 /* Debug */ = {
			isa = XCBuildConfiguration;
			buildSettings = {
				ASSETCATALOG_COMPILER_APPICON_NAME = AppIcon;
				ASSETCATALOG_COMPILER_GLOBAL_ACCENT_COLOR_NAME = AccentColor;
				CODE_SIGN_STYLE = Automatic;
				CURRENT_PROJECT_VERSION = 1;
				GENERATE_INFOPLIST_FILE = YES;
				INFOPLIST_FILE = "YZL8404-Project/Info.plist";
				INFOPLIST_KEY_UIApplicationSupportsIndirectInputEvents = YES;
				INFOPLIST_KEY_UILaunchStoryboardName = LaunchScreen;
				INFOPLIST_KEY_UIMainStoryboardFile = Main;
				INFOPLIST_KEY_UISupportedInterfaceOrientations_iPad = "UIInterfaceOrientationPortrait UIInterfaceOrientationPortraitUpsideDown UIInterfaceOrientationLandscapeLeft UIInterfaceOrientationLandscapeRight";
				INFOPLIST_KEY_UISupportedInterfaceOrientations_iPhone = "UIInterfaceOrientationPortrait UIInterfaceOrientationLandscapeLeft UIInterfaceOrientationLandscapeRight";
				LD_RUNPATH_SEARCH_PATHS = (
					"$(inherited)",
					"@executable_path/Frameworks",
				);
				MARKETING_VERSION = 1.0;
				PRODUCT_BUNDLE_IDENTIFIER = "YZL8404-Project.YZL8404-Project";
				PRODUCT_NAME = "$(TARGET_NAME)";
				SWIFT_EMIT_LOC_STRINGS = YES;
				SWIFT_VERSION = 5.0;
				TARGETED_DEVICE_FAMILY = "1,2";
			};
			name = Debug;
		};
		440F66132BD3BC2F002B2258 /* Release */ = {
			isa = XCBuildConfiguration;
			buildSettings = {
				ASSETCATALOG_COMPILER_APPICON_NAME = AppIcon;
				ASSETCATALOG_COMPILER_GLOBAL_ACCENT_COLOR_NAME = AccentColor;
				CODE_SIGN_STYLE = Automatic;
				CURRENT_PROJECT_VERSION = 1;
				GENERATE_INFOPLIST_FILE = YES;
				INFOPLIST_FILE = "YZL8404-Project/Info.plist";
				INFOPLIST_KEY_UIApplicationSupportsIndirectInputEvents = YES;
				INFOPLIST_KEY_UILaunchStoryboardName = LaunchScreen;
				INFOPLIST_KEY_UIMainStoryboardFile = Main;
				INFOPLIST_KEY_UISupportedInterfaceOrientations_iPad = "UIInterfaceOrientationPortrait UIInterfaceOrientationPortraitUpsideDown UIInterfaceOrientationLandscapeLeft UIInterfaceOrientationLandscapeRight";
				INFOPLIST_KEY_UISupportedInterfaceOrientations_iPhone = "UIInterfaceOrientationPortrait UIInterfaceOrientationLandscapeLeft UIInterfaceOrientationLandscapeRight";
				LD_RUNPATH_SEARCH_PATHS = (
					"$(inherited)",
					"@executable_path/Frameworks",
				);
				MARKETING_VERSION = 1.0;
				PRODUCT_BUNDLE_IDENTIFIER = "YZL8404-Project.YZL8404-Project";
				PRODUCT_NAME = "$(TARGET_NAME)";
				SWIFT_EMIT_LOC_STRINGS = YES;
				SWIFT_VERSION = 5.0;
				TARGETED_DEVICE_FAMILY = "1,2";
			};
			name = Release;
		};
/* End XCBuildConfiguration section */

/* Begin XCConfigurationList section */
		440F65F82BD3BC2E002B2258 /* Build configuration list for PBXProject "YZL8404-Project" */ = {
			isa = XCConfigurationList;
			buildConfigurations = (
				440F660F2BD3BC2F002B2258 /* Debug */,
				440F66102BD3BC2F002B2258 /* Release */,
			);
			defaultConfigurationIsVisible = 0;
			defaultConfigurationName = Release;
		};
		440F66112BD3BC2F002B2258 /* Build configuration list for PBXNativeTarget "YZL8404-Project" */ = {
			isa = XCConfigurationList;
			buildConfigurations = (
				440F66122BD3BC2F002B2258 /* Debug */,
				440F66132BD3BC2F002B2258 /* Release */,
			);
			defaultConfigurationIsVisible = 0;
			defaultConfigurationName = Release;
		};
/* End XCConfigurationList section */
	};
	rootObject = 440F65F52BD3BC2E002B2258 /* Project object */;
}
